
Microsoft Visual Studio Solution File, Format Version 12.00
# Visual Studio Version 16
VisualStudioVersion = 16.0.28803.352
MinimumVisualStudioVersion = 10.0.40219.1
Project("{FAE04EC0-301F-11D3-BF4B-00C04F79EFBC}") = "WeatherBalloons", "WeatherBalloons\WeatherBalloons.csproj", "{438CC62D-A642-4699-AF42-F779628B4DFD}"
EndProject
Global
	GlobalSection(SolutionConfigurationPlatforms) = preSolution
		Debug|Any CPU = Debug|Any CPU
		Release|Any CPU = Release|Any CPU
	EndGlobalSection
	GlobalSection(ProjectConfigurationPlatforms) = postSolution
		{438CC62D-A642-4699-AF42-F779628B4DFD}.Debug|Any CPU.ActiveCfg = Debug|Any CPU
		{438CC62D-A642-4699-AF42-F779628B4DFD}.Debug|Any CPU.Build.0 = Debug|Any CPU
		{438CC62D-A642-4699-AF42-F779628B4DFD}.Release|Any CPU.ActiveCfg = Release|Any CPU
		{438CC62D-A642-4699-AF42-F779628B4DFD}.Release|Any CPU.Build.0 = Release|Any CPU
	EndGlobalSection
	GlobalSection(SolutionProperties) = preSolution
		HideSolutionNode = FALSE
	EndGlobalSection
	GlobalSection(ExtensibilityGlobals) = postSolution
		SolutionGuid = {7E02E05B-5084-4BB3-87CE-5E507417704F}
	EndGlobalSection
EndGlobal
