
Microsoft Visual Studio Solution File, Format Version 12.00
# Visual Studio Version 16
VisualStudioVersion = 16.0.28803.352
MinimumVisualStudioVersion = 10.0.40219.1
Project("{9A19103F-16F7-4668-BE54-9A1E7A4F7556}") = "WeatherBalloons", "WeatherBalloons\WeatherBalloons.csproj", "{438CC62D-A642-4699-AF42-F779628B4DFD}"
EndProject
Project("{FAE04EC0-301F-11D3-BF4B-00C04F79EFBC}") = "WeatherBalloonDataSource", "WeatherBalloonDataLoader\WeatherBalloonDataSource.csproj", "{BD322F25-F30F-420D-8C89-3C55BA883A38}"
EndProject
Project("{FAE04EC0-301F-11D3-BF4B-00C04F79EFBC}") = "WeatherBalloonInterfaces", "WeatherBalloonInterfaces\WeatherBalloonInterfaces.csproj", "{6D7AD417-EC9C-43CC-B752-25B6C058A962}"
EndProject
Global
	GlobalSection(SolutionConfigurationPlatforms) = preSolution
		Debug|Any CPU = Debug|Any CPU
		Release|Any CPU = Release|Any CPU
	EndGlobalSection
	GlobalSection(ProjectConfigurationPlatforms) = postSolution
		{438CC62D-A642-4699-AF42-F779628B4DFD}.Debug|Any CPU.ActiveCfg = Debug|Any CPU
		{438CC62D-A642-4699-AF42-F779628B4DFD}.Debug|Any CPU.Build.0 = Debug|Any CPU
		{438CC62D-A642-4699-AF42-F779628B4DFD}.Release|Any CPU.ActiveCfg = Release|Any CPU
		{438CC62D-A642-4699-AF42-F779628B4DFD}.Release|Any CPU.Build.0 = Release|Any CPU
		{BD322F25-F30F-420D-8C89-3C55BA883A38}.Debug|Any CPU.ActiveCfg = Debug|Any CPU
		{BD322F25-F30F-420D-8C89-3C55BA883A38}.Debug|Any CPU.Build.0 = Debug|Any CPU
		{BD322F25-F30F-420D-8C89-3C55BA883A38}.Release|Any CPU.ActiveCfg = Release|Any CPU
		{BD322F25-F30F-420D-8C89-3C55BA883A38}.Release|Any CPU.Build.0 = Release|Any CPU
		{6D7AD417-EC9C-43CC-B752-25B6C058A962}.Debug|Any CPU.ActiveCfg = Debug|Any CPU
		{6D7AD417-EC9C-43CC-B752-25B6C058A962}.Debug|Any CPU.Build.0 = Debug|Any CPU
		{6D7AD417-EC9C-43CC-B752-25B6C058A962}.Release|Any CPU.ActiveCfg = Release|Any CPU
		{6D7AD417-EC9C-43CC-B752-25B6C058A962}.Release|Any CPU.Build.0 = Release|Any CPU
	EndGlobalSection
	GlobalSection(SolutionProperties) = preSolution
		HideSolutionNode = FALSE
	EndGlobalSection
	GlobalSection(ExtensibilityGlobals) = postSolution
		SolutionGuid = {7E02E05B-5084-4BB3-87CE-5E507417704F}
	EndGlobalSection
EndGlobal
